# Generated by pub
# See https://dart.dev/tools/pub/glossary#lockfile
packages:
  archive:
    dependency: transitive
    description:
      name: archive
      sha256: "6c5bcd986e06b94e3c40244af471750840a3d2341d1f9763a1100a14add517b4"
      url: "https://pub.dev"
    source: hosted
    version: "4.3.0"
  args:
    dependency: transitive
    description:
      name: args
      sha256: d0481093c50b1da8910eb0bb301626d4d8eb7284aa739614d2b394ee09e3ea04
      url: "https://pub.dev"
    source: hosted
    version: "2.7.0"
  async:
    dependency: transitive
    description:
      name: async
      sha256: e2eb0491ba5ddb6177742d2da23904574082139b07c1e33b8503b9f46f3e1a37
      url: "https://pub.dev"
    source: hosted
    version: "2.13.1"
  boolean_selector:
    dependency: transitive
    description:
      name: boolean_selector
      sha256: "8aab1771e1243a5063b8b0ff68042d67334e3feab9e95b9490f9a6ebf73b42ea"
      url: "https://pub.dev"
    source: hosted
    version: "2.1.2"
  build_cli_annotations:
    dependency: transitive
    description:
      name: build_cli_annotations
      sha256: e563c2e01de8974566a1998410d3f6f03521788160a02503b0b1f1a46c7b3d95
      url: "https://pub.dev"
    source: hosted
    version: "2.1.1"
  characters:
    dependency: transitive
    description:
      name: characters
      sha256: faf38497bda5ead2a8c7615f4f7939df04333478bf32e4173fcb06d428b5716b
      url: "https://pub.dev"
    source: hosted
    version: "1.4.1"
  clock:
    dependency: transitive
    description:
      name: clock
      sha256: e51d50bca3217c9a9fa2b41a30e4a38971133f5f9ec7a3d57bae095007f1d28e
      url: "https://pub.dev"
    source: hosted
    version: "1.1.3"
  cnativeapi:
    dependency: transitive
    description:
      name: cnativeapi
      sha256: "43fce94bdf2f60e15bb7b0ef7b78b60fc0758e5463817fa17c5fb59f149566dd"
      url: "https://pub.dev"
    source: hosted
    version: "0.3.0"
  collection:
    dependency: transitive
    description:
      name: collection
      sha256: "2f5709ae4d3d59dd8f7cd309b4e023046b57d8a6c82130785d2b0e5868084e76"
      url: "https://pub.dev"
    source: hosted
    version: "1.19.1"
  csslib:
    dependency: transitive
    description:
      name: csslib
      sha256: "09bad715f418841f976c77db72d5398dc1253c21fb9c0c7f0b0b985860b2d58e"
      url: "https://pub.dev"
    source: hosted
    version: "1.0.2"
  cupertino_icons:
    dependency: "direct main"
    description:
      name: cupertino_icons
      sha256: b7cc2390aac296c083bea762859413eb1cf5b630c70e0c7e4d831018f762a8b2
      url: "https://pub.dev"
    source: hosted
    version: "2.0.0"
  cupertino_ui:
    dependency: transitive
    description:
      name: cupertino_ui
      sha256: c23816577a1280cff409e989541767887011f8f1d8c1863a794ed308af46f2a9
      url: "https://pub.dev"
    source: hosted
    version: "1.1.1"
  dbus:
    dependency: transitive
    description:
      name: dbus
      sha256: f7db8504e715b835f5ebe5fe74604ccd961d504c73389a5d8e81bafc2e2f3612
      url: "https://pub.dev"
    source: hosted
    version: "0.8.0"
  desktop_multi_window:
    dependency: "direct main"
    description:
      name: desktop_multi_window
      sha256: "6a82209dfd29279258515157e5c08612542ebf7bfb3b55fb1dfcd32c076eea4d"
      url: "https://pub.dev"
    source: hosted
    version: "0.3.1"
  equatable:
    dependency: transitive
    description:
      name: equatable
      sha256: "3bce007a596ff8b3119c45d68aaef631272537c03d30e5d4534dd24bf4c5eaa2"
      url: "https://pub.dev"
    source: hosted
    version: "2.1.0"
  fake_async:
    dependency: transitive
    description:
      name: fake_async
      sha256: "5368f224a74523e8d2e7399ea1638b37aecfca824a3cc4dfdf77bf1fa905ac44"
      url: "https://pub.dev"
    source: hosted
    version: "1.3.3"
  ffi:
    dependency: transitive
    description:
      name: ffi
      sha256: "6d7fd89431262d8f3125e81b50d3847a091d846eafcd4fdb88dd06f36d705a45"
      url: "https://pub.dev"
    source: hosted
    version: "2.2.0"
  ffi_leak_tracker:
    dependency: transitive
    description:
      name: ffi_leak_tracker
      sha256: "4093d4ef9ca06ffe2786e73bfb25e22aa92112b9bb4ec941f11e3e6b61489a97"
      url: "https://pub.dev"
    source: hosted
    version: "0.1.2"
  file:
    dependency: transitive
    description:
      name: file
      sha256: a3b4f84adafef897088c160faf7dfffb7696046cb13ae90b508c2cbc95d3b8d4
      url: "https://pub.dev"
    source: hosted
    version: "7.0.1"
  fl_chart:
    dependency: "direct main"
    description:
      name: fl_chart
      sha256: b938f77d042cbcd822936a7a359a7235bad8bd72070de1f827efc2cc297ac888
      url: "https://pub.dev"
    source: hosted
    version: "1.2.0"
  flutter:
    dependency: "direct main"
    description: flutter
    source: sdk
    version: "0.0.0"
  flutter_lints:
    dependency: "direct dev"
    description:
      name: flutter_lints
      sha256: "3105dc8492f6183fb076ccf1f351ac3d60564bff92e20bfc4af9cc1651f4e7e1"
      url: "https://pub.dev"
    source: hosted
    version: "6.0.0"
  flutter_localizations:
    dependency: transitive
    description: flutter
    source: sdk
    version: "0.0.0"
  flutter_rust_bridge:
    dependency: "direct main"
    description:
      name: flutter_rust_bridge
      sha256: "5a5c7a5deeef2cc2ffe6076a33b0429f4a20ceac22a397297aed2b1eb067e611"
      url: "https://pub.dev"
    source: hosted
    version: "2.9.0"
  flutter_smart_dialog:
    dependency: "direct main"
    description:
      name: flutter_smart_dialog
      sha256: "2f50b6b120da18ceb59df42ee057e2f608a1776267203359b832e469c45a406b"
      url: "https://pub.dev"
    source: hosted
    version: "5.3.0"
  flutter_test:
    dependency: "direct dev"
    description: flutter
    source: sdk
    version: "0.0.0"
  flutter_web_plugins:
    dependency: transitive
    description: flutter
    source: sdk
    version: "0.0.0"
  flutter_widget_from_html_core:
    dependency: "direct main"
    description:
      name: flutter_widget_from_html_core
      sha256: "530f2e3cc57be1a00f8bfae1b0000064e8a6df0cf1fb4d48a80f85afde9b39b7"
      url: "https://pub.dev"
    source: hosted
    version: "0.17.4"
  go_router:
    dependency: "direct main"
    description:
      name: go_router
      sha256: "530dcbb298dc7c319aea9e3b7c580a61effb2abee2c93825d2dd8d5af0e230f1"
      url: "https://pub.dev"
    source: hosted
    version: "18.0.2"
  html:
    dependency: transitive
    description:
      name: html
      sha256: "43b67b8f43321ab066817dfac5619596c98bb1b61624e77203bb4351785f9699"
      url: "https://pub.dev"
    source: hosted
    version: "0.15.7"
  http:
    dependency: transitive
    description:
      name: http
      sha256: "87721a4a50b19c7f1d49001e51409bddc46303966ce89a65af4f4e6004896412"
      url: "https://pub.dev"
    source: hosted
    version: "1.6.0"
  http_parser:
    dependency: transitive
    description:
      name: http_parser
      sha256: "178d74305e7866013777bab2c3d8726205dc5a4dd935297175b19a23a2e66571"
      url: "https://pub.dev"
    source: hosted
    version: "4.1.2"
  intl:
    dependency: "direct main"
    description:
      name: intl
      sha256: "1ca20c894b1717686a2319b8548763d812bc0aabdac580420a44c5178c57a867"
      url: "https://pub.dev"
    source: hosted
    version: "0.20.3"
  json_annotation:
    dependency: transitive
    description:
      name: json_annotation
      sha256: "2a743920d81b7910627f68ee2c9ac1fc0bfee32b9fc3403587d7c6791ca12f80"
      url: "https://pub.dev"
    source: hosted
    version: "4.12.0"
  leak_tracker:
    dependency: transitive
    description:
      name: leak_tracker
      sha256: "33e2e26bdd85a0112ec15400c8cbffea70d0f9c3407491f672a2fad47915e2de"
      url: "https://pub.dev"
    source: hosted
    version: "11.0.2"
  leak_tracker_flutter_testing:
    dependency: transitive
    description:
      name: leak_tracker_flutter_testing
      sha256: "1dbc140bb5a23c75ea9c4811222756104fbcd1a27173f0c34ca01e16bea473c1"
      url: "https://pub.dev"
    source: hosted
    version: "3.0.10"
  leak_tracker_testing:
    dependency: transitive
    description:
      name: leak_tracker_testing
      sha256: "8d5a2d49f4a66b49744b23b018848400d23e54caf9463f4eb20df3eb8acb2eb1"
      url: "https://pub.dev"
    source: hosted
    version: "3.0.2"
  lints:
    dependency: transitive
    description:
      name: lints
      sha256: "12f842a479589fea194fe5c5a3095abc7be0c1f2ddfa9a0e76aed1dbd26a87df"
      url: "https://pub.dev"
    source: hosted
    version: "6.1.0"
  logging:
    dependency: transitive
    description:
      name: logging
      sha256: c8245ada5f1717ed44271ed1c26b8ce85ca3228fd2ffdb75468ab01979309d61
      url: "https://pub.dev"
    source: hosted
    version: "1.3.0"
  lottie:
    dependency: "direct main"
    description:
      name: lottie
      sha256: "0bd56a8c5c2944386313588408bf93a379e6fca69f736d585c538e35e72ccd5c"
      url: "https://pub.dev"
    source: hosted
    version: "3.6.1"
  matcher:
    dependency: transitive
    description:
      name: matcher
      sha256: "31bd099b47c10cd1aeb55146a2d46ce0277630ecef3f7dae54ad7873f36696cd"
      url: "https://pub.dev"
    source: hosted
    version: "0.12.20"
  material_color_utilities:
    dependency: transitive
    description:
      name: material_color_utilities
      sha256: "9c337007e82b1889149c82ed242ed1cb24a66044e30979c44912381e9be4c48b"
      url: "https://pub.dev"
    source: hosted
    version: "0.13.0"
  material_ui:
    dependency: transitive
    description:
      name: material_ui
      sha256: "32d98f11cf5942a095a8c3e01b03e4de3b17941437713dcf36b1088fb62e23d2"
      url: "https://pub.dev"
    source: hosted
    version: "1.5.0"
  meta:
    dependency: transitive
    description:
      name: meta
      sha256: c82594181e3312f3d0695fc95aaaf7758d75b8d4ae2bbecf223b9fd5109a059d
      url: "https://pub.dev"
    source: hosted
    version: "1.18.3"
  nativeapi:
    dependency: transitive
    description:
      name: nativeapi
      sha256: "2f40b3ac356097f56efa8188703159c303ce2b8b078d04c3d2d4afbe95b384ce"
      url: "https://pub.dev"
    source: hosted
    version: "0.3.0"
  package_info_plus:
    dependency: transitive
    description:
      name: package_info_plus
      sha256: "73ef2cd5c11a7548f9b7f6fc2a4f6113de2e64aa2a70de63feede95548822908"
      url: "https://pub.dev"
    source: hosted
    version: "10.2.2"
  package_info_plus_platform_interface:
    dependency: transitive
    description:
      name: package_info_plus_platform_interface
      sha256: db762cb2f4f25ee60fb6359773861b0f199e00b90d237bd85a76a1e806b46ef4
      url: "https://pub.dev"
    source: hosted
    version: "4.1.0"
  path:
    dependency: transitive
    description:
      name: path
      sha256: "75cca69d1490965be98c73ceaea117e8a04dd21217b37b292c9ddbec0d955bc5"
      url: "https://pub.dev"
    source: hosted
    version: "1.9.1"
  path_provider_linux:
    dependency: transitive
    description:
      name: path_provider_linux
      sha256: "58c2005f147315b11e9b4a7bc889cd5203e250cba8e3f012dae259b4972b5c16"
      url: "https://pub.dev"
    source: hosted
    version: "2.2.2"
  path_provider_platform_interface:
    dependency: transitive
    description:
      name: path_provider_platform_interface
      sha256: "484838772624c3a4b94f1e44a3e19897fee738f2d5c4ce448443b0417f7c9dda"
      url: "https://pub.dev"
    source: hosted
    version: "2.1.3"
  path_provider_windows:
    dependency: transitive
    description:
      name: path_provider_windows
      sha256: bd6f00dbd873bfb70d0761682da2b3a2c2fccc2b9e84c495821639601d81afe7
      url: "https://pub.dev"
    source: hosted
    version: "2.3.0"
  petitparser:
    dependency: transitive
    description:
      name: petitparser
      sha256: "91bd59303e9f769f108f8df05e371341b15d59e995e6806aefab827b58336675"
      url: "https://pub.dev"
    source: hosted
    version: "7.0.2"
  platform:
    dependency: transitive
    description:
      name: platform
      sha256: a36d119c13416516a7b5913fbe8af8531e11633d784c550b2125f76c758524ec
      url: "https://pub.dev"
    source: hosted
    version: "3.2.0"
  plugin_platform_interface:
    dependency: transitive
    description:
      name: plugin_platform_interface
      sha256: "4820fbfdb9478b1ebae27888254d445073732dae3d6ea81f0b7e06d5dedc3f02"
      url: "https://pub.dev"
    source: hosted
    version: "2.1.8"
  posix:
    dependency: transitive
    description:
      name: posix
      sha256: bc1bad54ad2b735816e31f8d4600cfde6c7839975085ddfbca48b6c9f7c4044e
      url: "https://pub.dev"
    source: hosted
    version: "6.5.2"
  screen_retriever:
    dependency: "direct main"
    description:
      name: screen_retriever
      sha256: ace919117a7520c13a50a6259e60c4a0d4cbe98809468792a91b5c5adada2aa6
      url: "https://pub.dev"
    source: hosted
    version: "0.2.2"
  screen_retriever_linux:
    dependency: transitive
    description:
      name: screen_retriever_linux
      sha256: "7b52006a5ceae1f3d5af7f77188c3290d6e7d8ded16d99809bea84967c65c257"
      url: "https://pub.dev"
    source: hosted
    version: "0.2.2"
  screen_retriever_macos:
    dependency: transitive
    description:
      name: screen_retriever_macos
      sha256: a1489b99cce597c45a54b9aae1cd94c8d4705353b7e0bb2457a6e4de44e0ad8a
      url: "https://pub.dev"
    source: hosted
    version: "0.2.2"
  screen_retriever_platform_interface:
    dependency: transitive
    description:
      name: screen_retriever_platform_interface
      sha256: "94a5535277510a63184ca178ce12a1449bc0b38618879aa1c18bf57369c5064a"
      url: "https://pub.dev"
    source: hosted
    version: "0.2.2"
  screen_retriever_windows:
    dependency: transitive
    description:
      name: screen_retriever_windows
      sha256: dafc6922b0bfbf1d48cf3ccbf519b4fff47bdcb820da1728ea6db675fecc9324
      url: "https://pub.dev"
    source: hosted
    version: "0.2.2"
  shared_preferences:
    dependency: "direct main"
    description:
      name: shared_preferences
      sha256: c3025c5534b01739267eb7d76959bbc25a6d10f6988e1c2a3036940133dd10bf
      url: "https://pub.dev"
    source: hosted
    version: "2.5.5"
  shared_preferences_android:
    dependency: transitive
    description:
      name: shared_preferences_android
      sha256: "1e12aafe408aa50da80edfd679a2a6bf63ba7ab37c7fa98286da459a757b3399"
      url: "https://pub.dev"
    source: hosted
    version: "2.4.28"
  shared_preferences_foundation:
    dependency: transitive
    description:
      name: shared_preferences_foundation
      sha256: "2ec3934efa51e46117f23031cc141b8fc878e8525b94ec1ea4f7f586cf1b47ea"
      url: "https://pub.dev"
    source: hosted
    version: "2.5.7"
  shared_preferences_linux:
    dependency: transitive
    description:
      name: shared_preferences_linux
      sha256: "580abfd40f415611503cae30adf626e6656dfb2f0cee8f465ece7b6defb40f2f"
      url: "https://pub.dev"
    source: hosted
    version: "2.4.1"
  shared_preferences_platform_interface:
    dependency: transitive
    description:
      name: shared_preferences_platform_interface
      sha256: "649dc798a33931919ea356c4305c2d1f81619ea6e92244070b520187b5140ef9"
      url: "https://pub.dev"
    source: hosted
    version: "2.4.2"
  shared_preferences_web:
    dependency: transitive
    description:
      name: shared_preferences_web
      sha256: c49bd060261c9a3f0ff445892695d6212ff603ef3115edbb448509d407600019
      url: "https://pub.dev"
    source: hosted
    version: "2.4.3"
  shared_preferences_windows:
    dependency: transitive
    description:
      name: shared_preferences_windows
      sha256: "94ef0f72b2d71bc3e700e025db3710911bd51a71cefb65cc609dd0d9a982e3c1"
      url: "https://pub.dev"
    source: hosted
    version: "2.4.1"
  sky_engine:
    dependency: transitive
    description: flutter
    source: sdk
    version: "0.0.0"
  source_span:
    dependency: transitive
    description:
      name: source_span
      sha256: "56a02f1f4cd1a2d96303c0144c93bd6d909eea6bee6bf5a0e0b685edbd4c47ab"
      url: "https://pub.dev"
    source: hosted
    version: "1.10.2"
  stack_trace:
    dependency: transitive
    description:
      name: stack_trace
      sha256: "277654b3034d17ac6f9f1cb5595db011b1d5d41e8806866db28e0abaa101c490"
      url: "https://pub.dev"
    source: hosted
    version: "1.12.2"
  stream_channel:
    dependency: transitive
    description:
      name: stream_channel
      sha256: "969e04c80b8bcdf826f8f16579c7b14d780458bd97f56d107d3950fdbeef059d"
      url: "https://pub.dev"
    source: hosted
    version: "2.1.4"
  string_scanner:
    dependency: transitive
    description:
      name: string_scanner
      sha256: "921cd31725b72fe181906c6a94d987c78e3b98c2e205b397ea399d4054872b43"
      url: "https://pub.dev"
    source: hosted
    version: "1.4.1"
  term_glyph:
    dependency: transitive
    description:
      name: term_glyph
      sha256: "7f554798625ea768a7518313e58f83891c7f5024f88e46e7182a4558850a4b8e"
      url: "https://pub.dev"
    source: hosted
    version: "1.2.2"
  test_api:
    dependency: transitive
    description:
      name: test_api
      sha256: "2a122cbe059f8b610d3a5415f42e255b6c17b1f21eee1d960f31080237fb4f11"
      url: "https://pub.dev"
    source: hosted
    version: "0.7.12"
  tray_manager:
    dependency: "direct main"
    description:
      name: tray_manager
      sha256: "1f504e8e858cf44af1f5147df05d68ef735902d3259eac69aafc8afd8ee38a0e"
      url: "https://pub.dev"
    source: hosted
    version: "0.7.0"
  typed_data:
    dependency: transitive
    description:
      name: typed_data
      sha256: f9049c039ebfeb4cf7a7104a675823cd72dba8297f264b6637062516699fa006
      url: "https://pub.dev"
    source: hosted
    version: "1.4.0"
  url_launcher:
    dependency: "direct main"
    description:
      name: url_launcher
      sha256: e8cc955c97e06df9879140a1fe301f3d493f01b7c62dec7f46834be31d7e9fda
      url: "https://pub.dev"
    source: hosted
    version: "6.3.3"
  url_launcher_android:
    dependency: transitive
    description:
      name: url_launcher_android
      sha256: "611e87fb320b70d1dd721dc46af89c98aceccea9b31fde49e084591414e0c610"
      url: "https://pub.dev"
    source: hosted
    version: "6.3.33"
  url_launcher_ios:
    dependency: transitive
    description:
      name: url_launcher_ios
      sha256: "8faa1aab294f1ab4040b43660c887b0418d5fa4f0cffef76a484e6aa1092eb4a"
      url: "https://pub.dev"
    source: hosted
    version: "6.4.2"
  url_launcher_linux:
    dependency: transitive
    description:
      name: url_launcher_linux
      sha256: "10f86fef4c2c43563fa6c211ff9cf757adf4d3ab762c56bd430664a947d70cd0"
      url: "https://pub.dev"
    source: hosted
    version: "3.2.3"
  url_launcher_macos:
    dependency: transitive
    description:
      name: url_launcher_macos
      sha256: "5e835a3b869c2d70325349c81c5a45c28e20791265b67b2669da6b08c5cd5201"
      url: "https://pub.dev"
    source: hosted
    version: "3.2.6"
  url_launcher_platform_interface:
    dependency: transitive
    description:
      name: url_launcher_platform_interface
      sha256: "552f8a1e663569be95a8190206a38187b531910283c3e982193e4f2733f01029"
      url: "https://pub.dev"
    source: hosted
    version: "2.3.2"
  url_launcher_web:
    dependency: transitive
    description:
      name: url_launcher_web
      sha256: "85c81589622fbc87c1c683aaea164d3604a7777495a79d91e39ffcdec39ddb34"
      url: "https://pub.dev"
    source: hosted
    version: "2.4.3"
  url_launcher_windows:
    dependency: transitive
    description:
      name: url_launcher_windows
      sha256: "6c5ad3f22cd4c38e089b81963b3cd7bb83b111b2df5dce008bb066162f42e429"
      url: "https://pub.dev"
    source: hosted
    version: "3.1.6"
  vector_math:
    dependency: transitive
    description:
      name: vector_math
      sha256: "1d774bbdf6b72a0b12122fc1560c9c2d2a67db5a4a4cc2bd8a5c990ab20e3188"
      url: "https://pub.dev"
    source: hosted
    version: "2.4.0"
  vm_service:
    dependency: transitive
    description:
      name: vm_service
      sha256: "5f37239c4851efcef929cea7824e76df7f2f0970aef85d66bbc430afa40e72f0"
      url: "https://pub.dev"
    source: hosted
    version: "15.3.0"
  wakelock_plus:
    dependency: "direct main"
    description:
      name: wakelock_plus
      sha256: "9a91139ee876c24a9ebe1484e4b9b7923b07d368566a5e0b2301870b0f5029c8"
      url: "https://pub.dev"
    source: hosted
    version: "1.8.1"
  wakelock_plus_platform_interface:
    dependency: transitive
    description:
      name: wakelock_plus_platform_interface
      sha256: "764c25504562abc8ac3406f5d175f126b276e6ba916c7c2675690b73368ca384"
      url: "https://pub.dev"
    source: hosted
    version: "1.7.0"
  web:
    dependency: transitive
    description:
      name: web
      sha256: "868d88a33d8a87b18ffc05f9f030ba328ffefba92d6c127917a2ba740f9cfe4a"
      url: "https://pub.dev"
    source: hosted
    version: "1.1.1"
  win32:
    dependency: transitive
    description:
      name: win32
      sha256: a0b93865d5644f11cf6a8c3f6db909f1ec168958b5805f6cc684adea957cd63d
      url: "https://pub.dev"
    source: hosted
    version: "6.4.0"
  window_manager:
    dependency: "direct main"
    description:
      name: window_manager
      sha256: "05c231fd7b23d2380f14c5cc10b7b93d60d4fa4a2fb4e0f032de27e44b5560e9"
      url: "https://pub.dev"
    source: hosted
    version: "0.5.2"
  windows_single_instance:
    dependency: "direct main"
    description:
      name: windows_single_instance
      sha256: "8f464db5121d7e12ce8323ef170adc76ad18678057b63b1218932fe17db05642"
      url: "https://pub.dev"
    source: hosted
    version: "1.2.0"
  xdg_directories:
    dependency: transitive
    description:
      name: xdg_directories
      sha256: "7a3f37b05d989967cdddcbb571f1ea834867ae2faa29725fd085180e0883aa15"
      url: "https://pub.dev"
    source: hosted
    version: "1.1.0"
  xml:
    dependency: transitive
    description:
      name: xml
      sha256: "67f0aff7be013d107995e9b75bf4e7f2c3ef2dfdb2c8e68024bba0a7fd5756a4"
      url: "https://pub.dev"
    source: hosted
    version: "7.0.1"
sdks:
  dart: ">=3.13.0 <4.0.0"
  flutter: ">=3.47.0"
